
Microsoft Visual Studio Solution File, Format Version 12.00
# Visual Studio 15
VisualStudioVersion = 15.0.28307.757
MinimumVisualStudioVersion = 10.0.40219.1
Project("{FAE04EC0-301F-11D3-BF4B-00C04F79EFBC}") = "events.tac.local", "events.tac.local\events.tac.local.csproj", "{CD65345A-0197-4BC9-9EE3-4C8F676474FA}"
EndProject
Project("{FAE04EC0-301F-11D3-BF4B-00C04F79EFBC}") = "events.tac.local.Tests", "events.tac.local.Tests\events.tac.local.Tests.csproj", "{B7F32018-510A-4A30-833B-135566AA7C09}"
EndProject
Project("{FAE04EC0-301F-11D3-BF4B-00C04F79EFBC}") = "TAC.Sitecore.Abstractions", "TAC.Sitecore.Abstractions\TAC.Sitecore.Abstractions.csproj", "{71417F51-8B93-4F15-A2BB-BB12FE286B24}"
EndProject
Project("{2150E333-8FDC-42A3-9474-1A3956D46DE8}") = "Foundation", "Foundation", "{89DE84F9-B153-4158-914C-2D3416BD75A6}"
EndProject
Project("{2150E333-8FDC-42A3-9474-1A3956D46DE8}") = "Feature", "Feature", "{A40E72CC-2B8D-4893-A9FC-F0E71BE6BF02}"
EndProject
Global
	GlobalSection(SolutionConfigurationPlatforms) = preSolution
		Debug|Any CPU = Debug|Any CPU
		Release|Any CPU = Release|Any CPU
	EndGlobalSection
	GlobalSection(ProjectConfigurationPlatforms) = postSolution
		{CD65345A-0197-4BC9-9EE3-4C8F676474FA}.Debug|Any CPU.ActiveCfg = Debug|Any CPU
		{CD65345A-0197-4BC9-9EE3-4C8F676474FA}.Debug|Any CPU.Build.0 = Debug|Any CPU
		{CD65345A-0197-4BC9-9EE3-4C8F676474FA}.Release|Any CPU.ActiveCfg = Release|Any CPU
		{CD65345A-0197-4BC9-9EE3-4C8F676474FA}.Release|Any CPU.Build.0 = Release|Any CPU
		{B7F32018-510A-4A30-833B-135566AA7C09}.Debug|Any CPU.ActiveCfg = Debug|Any CPU
		{B7F32018-510A-4A30-833B-135566AA7C09}.Debug|Any CPU.Build.0 = Debug|Any CPU
		{B7F32018-510A-4A30-833B-135566AA7C09}.Release|Any CPU.ActiveCfg = Release|Any CPU
		{B7F32018-510A-4A30-833B-135566AA7C09}.Release|Any CPU.Build.0 = Release|Any CPU
		{71417F51-8B93-4F15-A2BB-BB12FE286B24}.Debug|Any CPU.ActiveCfg = Debug|Any CPU
		{71417F51-8B93-4F15-A2BB-BB12FE286B24}.Debug|Any CPU.Build.0 = Debug|Any CPU
		{71417F51-8B93-4F15-A2BB-BB12FE286B24}.Release|Any CPU.ActiveCfg = Release|Any CPU
		{71417F51-8B93-4F15-A2BB-BB12FE286B24}.Release|Any CPU.Build.0 = Release|Any CPU
	EndGlobalSection
	GlobalSection(SolutionProperties) = preSolution
		HideSolutionNode = FALSE
	EndGlobalSection
	GlobalSection(ExtensibilityGlobals) = postSolution
		SolutionGuid = {93775852-5E88-480D-94C1-4771B3B2AABD}
	EndGlobalSection
EndGlobal
